// !$*UTF8*$!
{
	archiveVersion = 1;
	classes = {
	};
	objectVersion = 46;
	objects = {

/* Begin PBXBuildFile section */
		637AB1A61B67864E0032F051 /* main.m in Sources */ = {isa = PBXBuildFile; fileRef = 637AB1A51B67864E0032F051 /* main.m */; };
		637AB1A91B67864E0032F051 /* AppDelegate.m in Sources */ = {isa = PBXBuildFile; fileRef = 637AB1A81B67864E0032F051 /* AppDelegate.m */; };
		637AB1AC1B67864E0032F051 /* ViewController.m in Sources */ = {isa = PBXBuildFile; fileRef = 637AB1AB1B67864E0032F051 /* ViewController.m */; };
		637AB1AF1B67864E0032F051 /* Main.storyboard in Resources */ = {isa = PBXBuildFile; fileRef = 637AB1AD1B67864E0032F051 /* Main.storyboard */; };
		637AB1B11B67864E0032F051 /* Images.xcassets in Resources */ = {isa = PBXBuildFile; fileRef = 637AB1B01B67864E0032F051 /* Images.xcassets */; };
		637AB1B41B67864E0032F051 /* LaunchScreen.xib in Resources */ = {isa = PBXBuildFile; fileRef = 637AB1B21B67864E0032F051 /* LaunchScreen.xib */; };
		637AB1C01B67864E0032F051 /* SingleAppTests.m in Sources */ = {isa = PBXBuildFile; fileRef = 637AB1BF1B67864E0032F051 /* SingleAppTests.m */; };
/* End PBXBuildFile section */

/* Begin PBXContainerItemProxy section */
		637AB1BA1B67864E0032F051 /* PBXContainerItemProxy */ = {
			isa = PBXContainerItemProxy;
			containerPortal = 637AB1981B67864E0032F051 /* Project object */;
			proxyType = 1;
			remoteGlobalIDString = 637AB19F1B67864E0032F051;
			remoteInfo = SingleApp;
		};
/* End PBXContainerItemProxy section */

/* Begin PBXFileReference section */
		637AB1A01B67864E0032F051 /* SingleApp.app */ = {isa = PBXFileReference; explicitFileType = wrapper.application; includeInIndex = 0; path = SingleApp.app; sourceTree = BUILT_PRODUCTS_DIR; };
		637AB1A41B67864E0032F051 /* Info.plist */ = {isa = PBXFileReference; lastKnownFileType = text.plist.xml; path = Info.plist; sourceTree = "<group>"; };
		637AB1A51B67864E0032F051 /* main.m */ = {isa = PBXFileReference; lastKnownFileType = sourcecode.c.objc; path = main.m; sourceTree = "<group>"; };
		637AB1A71B67864E0032F051 /* AppDelegate.h */ = {isa = PBXFileReference; lastKnownFileType = sourcecode.c.h; path = AppDelegate.h; sourceTree = "<group>"; };
		637AB1A81B67864E0032F051 /* AppDelegate.m */ = {isa = PBXFileReference; lastKnownFileType = sourcecode.c.objc; path = AppDelegate.m; sourceTree = "<group>"; };
		637AB1AA1B67864E0032F051 /* ViewController.h */ = {isa = PBXFileReference; lastKnownFileType = sourcecode.c.h; path = ViewController.h; sourceTree = "<group>"; };
		637AB1AB1B67864E0032F051 /* ViewController.m */ = {isa = PBXFileReference; lastKnownFileType = sourcecode.c.objc; path = ViewController.m; sourceTree = "<group>"; };
		637AB1AE1B67864E0032F051 /* Base */ = {isa = PBXFileReference; lastKnownFileType = file.storyboard; name = Base; path = Base.lproj/Main.storyboard; sourceTree = "<group>"; };
		637AB1B01B67864E0032F051 /* Images.xcassets */ = {isa = PBXFileReference; lastKnownFileType = folder.assetcatalog; path = Images.xcassets; sourceTree = "<group>"; };
		637AB1B31B67864E0032F051 /* Base */ = {isa = PBXFileReference; lastKnownFileType = file.xib; name = Base; path = Base.lproj/LaunchScreen.xib; sourceTree = "<group>"; };
		637AB1B91B67864E0032F051 /* SingleAppTests.xctest */ = {isa = PBXFileReference; explicitFileType = wrapper.cfbundle; includeInIndex = 0; path = SingleAppTests.xctest; sourceTree = BUILT_PRODUCTS_DIR; };
		637AB1BE1B67864E0032F051 /* Info.plist */ = {isa = PBXFileReference; lastKnownFileType = text.plist.xml; path = Info.plist; sourceTree = "<group>"; };
		637AB1BF1B67864E0032F051 /* SingleAppTests.m */ = {isa = PBXFileReference; lastKnownFileType = sourcecode.c.objc; path = SingleAppTests.m; sourceTree = "<group>"; };
/* End PBXFileReference section */

/* Begin PBXFrameworksBuildPhase section */
		637AB19D1B67864E0032F051 /* Frameworks */ = {
			isa = PBXFrameworksBuildPhase;
			buildActionMask = 2147483647;
			files = (
			);
			runOnlyForDeploymentPostprocessing = 0;
		};
		637AB1B61B67864E0032F051 /* Frameworks */ = {
			isa = PBXFrameworksBuildPhase;
			buildActionMask = 2147483647;
			files = (
			);
			runOnlyForDeploymentPostprocessing = 0;
		};
/* End PBXFrameworksBuildPhase section */

/* Begin PBXGroup section */
		637AB1971B67864E0032F051 = {
			isa = PBXGroup;
			children = (
				637AB1A21B67864E0032F051 /* SingleApp */,
				637AB1BC1B67864E0032F051 /* SingleAppTests */,
				637AB1A11B67864E0032F051 /* Products */,
			);
			sourceTree = "<group>";
		};
		637AB1A11B67864E0032F051 /* Products */ = {
			isa = PBXGroup;
			children = (
				637AB1A01B67864E0032F051 /* SingleApp.app */,
				637AB1B91B67864E0032F051 /* SingleAppTests.xctest */,
			);
			name = Products;
			sourceTree = "<group>";
		};
		637AB1A21B67864E0032F051 /* SingleApp */ = {
			isa = PBXGroup;
			children = (
				637AB1A71B67864E0032F051 /* AppDelegate.h */,
				637AB1A81B67864E0032F051 /* AppDelegate.m */,
				637AB1AA1B67864E0032F051 /* ViewController.h */,
				637AB1AB1B67864E0032F051 /* ViewController.m */,
				637AB1AD1B67864E0032F051 /* Main.storyboard */,
				637AB1B01B67864E0032F051 /* Images.xcassets */,
				637AB1B21B67864E0032F051 /* LaunchScreen.xib */,
				637AB1A31B67864E0032F051 /* Supporting Files */,
			);
			path = SingleApp;
			sourceTree = "<group>";
		};
		637AB1A31B67864E0032F051 /* Supporting Files */ = {
			isa = PBXGroup;
			children = (
				637AB1A41B67864E0032F051 /* Info.plist */,
				637AB1A51B67864E0032F051 /* main.m */,
			);
			name = "Supporting Files";
			sourceTree = "<group>";
		};
		637AB1BC1B67864E0032F051 /* SingleAppTests */ = {
			isa = PBXGroup;
			children = (
				637AB1BF1B67864E0032F051 /* SingleAppTests.m */,
				637AB1BD1B67864E0032F051 /* Supporting Files */,
			);
			path = SingleAppTests;
			sourceTree = "<group>";
		};
		637AB1BD1B67864E0032F051 /* Supporting Files */ = {
			isa = PBXGroup;
			children = (
				637AB1BE1B67864E0032F051 /* Info.plist */,
			);
			name = "Supporting Files";
			sourceTree = "<group>";
		};
/* End PBXGroup section */

/* Begin PBXNativeTarget section */
		637AB19F1B67864E0032F051 /* SingleApp */ = {
			isa = PBXNativeTarget;
			buildConfigurationList = 637AB1C31B67864E0032F051 /* Build configuration list for PBXNativeTarget "SingleApp" */;
			buildPhases = (
				637AB19C1B67864E0032F051 /* Sources */,
				637AB19D1B67864E0032F051 /* Frameworks */,
				637AB19E1B67864E0032F051 /* Resources */,
			);
			buildRules = (
			);
			dependencies = (
			);
			name = SingleApp;
			productName = SingleApp;
			productReference = 637AB1A01B67864E0032F051 /* SingleApp.app */;
			productType = "com.apple.product-type.application";
		};
		637AB1B81B67864E0032F051 /* SingleAppTests */ = {
			isa = PBXNativeTarget;
			buildConfigurationList = 637AB1C61B67864E0032F051 /* Build configuration list for PBXNativeTarget "SingleAppTests" */;
			buildPhases = (
				637AB1B51B67864E0032F051 /* Sources */,
				637AB1B61B67864E0032F051 /* Frameworks */,
				637AB1B71B67864E0032F051 /* Resources */,
			);
			buildRules = (
			);
			dependencies = (
				637AB1BB1B67864E0032F051 /* PBXTargetDependency */,
			);
			name = SingleAppTests;
			productName = SingleAppTests;
			productReference = 637AB1B91B67864E0032F051 /* SingleAppTests.xctest */;
			productType = "com.apple.product-type.bundle.unit-test";
		};
/* End PBXNativeTarget section */

/* Begin PBXProject section */
		637AB1981B67864E0032F051 /* Project object */ = {
			isa = PBXProject;
			attributes = {
				LastUpgradeCheck = 0640;
				ORGANIZATIONNAME = "Mac User";
				TargetAttributes = {
					637AB19F1B67864E0032F051 = {
						CreatedOnToolsVersion = 6.4;
					};
					637AB1B81B67864E0032F051 = {
						CreatedOnToolsVersion = 6.4;
						TestTargetID = 637AB19F1B67864E0032F051;
					};
				};
			};
			buildConfigurationList = 637AB19B1B67864E0032F051 /* Build configuration list for PBXProject "SingleApp" */;
			compatibilityVersion = "Xcode 3.2";
			developmentRegion = English;
			hasScannedForEncodings = 0;
			knownRegions = (
				en,
				Base,
			);
			mainGroup = 637AB1971B67864E0032F051;
			productRefGroup = 637AB1A11B67864E0032F051 /* Products */;
			projectDirPath = "";
			projectRoot = "";
			targets = (
				637AB19F1B67864E0032F051 /* SingleApp */,
				637AB1B81B67864E0032F051 /* SingleAppTests */,
			);
		};
/* End PBXProject section */

/* Begin PBXResourcesBuildPhase section */
		637AB19E1B67864E0032F051 /* Resources */ = {
			isa = PBXResourcesBuildPhase;
			buildActionMask = 2147483647;
			files = (
				637AB1AF1B67864E0032F051 /* Main.storyboard in Resources */,
				637AB1B41B67864E0032F051 /* LaunchScreen.xib in Resources */,
				637AB1B11B67864E0032F051 /* Images.xcassets in Resources */,
			);
			runOnlyForDeploymentPostprocessing = 0;
		};
		637AB1B71B67864E0032F051 /* Resources */ = {
			isa = PBXResourcesBuildPhase;
			buildActionMask = 2147483647;
			files = (
			);
			runOnlyForDeploymentPostprocessing = 0;
		};
/* End PBXResourcesBuildPhase section */

/* Begin PBXSourcesBuildPhase section */
		637AB19C1B67864E0032F051 /* Sources */ = {
			isa = PBXSourcesBuildPhase;
			buildActionMask = 2147483647;
			files = (
				637AB1AC1B67864E0032F051 /* ViewController.m in Sources */,
				637AB1A91B67864E0032F051 /* AppDelegate.m in Sources */,
				637AB1A61B67864E0032F051 /* main.m in Sources */,
			);
			runOnlyForDeploymentPostprocessing = 0;
		};
		637AB1B51B67864E0032F051 /* Sources */ = {
			isa = PBXSourcesBuildPhase;
			buildActionMask = 2147483647;
			files = (
				637AB1C01B67864E0032F051 /* SingleAppTests.m in Sources */,
			);
			runOnlyForDeploymentPostprocessing = 0;
		};
/* End PBXSourcesBuildPhase section */

/* Begin PBXTargetDependency section */
		637AB1BB1B67864E0032F051 /* PBXTargetDependency */ = {
			isa = PBXTargetDependency;
			target = 637AB19F1B67864E0032F051 /* SingleApp */;
			targetProxy = 637AB1BA1B67864E0032F051 /* PBXContainerItemProxy */;
		};
/* End PBXTargetDependency section */

/* Begin PBXVariantGroup section */
		637AB1AD1B67864E0032F051 /* Main.storyboard */ = {
			isa = PBXVariantGroup;
			children = (
				637AB1AE1B67864E0032F051 /* Base */,
			);
			name = Main.storyboard;
			sourceTree = "<group>";
		};
		637AB1B21B67864E0032F051 /* LaunchScreen.xib */ = {
			isa = PBXVariantGroup;
			children = (
				637AB1B31B67864E0032F051 /* Base */,
			);
			name = LaunchScreen.xib;
			sourceTree = "<group>";
		};
/* End PBXVariantGroup section */

/* Begin XCBuildConfiguration section */
		637AB1C11B67864E0032F051 /* Debug */ = {
			isa = XCBuildConfiguration;
			buildSettings = {
				ALWAYS_SEARCH_USER_PATHS = NO;
				CLANG_CXX_LANGUAGE_STANDARD = "gnu++0x";
				CLANG_CXX_LIBRARY = "libc++";
				CLANG_ENABLE_MODULES = YES;
				CLANG_ENABLE_OBJC_ARC = YES;
				CLANG_WARN_BOOL_CONVERSION = YES;
				CLANG_WARN_CONSTANT_CONVERSION = YES;
				CLANG_WARN_DIRECT_OBJC_ISA_USAGE = YES_ERROR;
				CLANG_WARN_EMPTY_BODY = YES;
				CLANG_WARN_ENUM_CONVERSION = YES;
				CLANG_WARN_INT_CONVERSION = YES;
				CLANG_WARN_OBJC_ROOT_CLASS = YES_ERROR;
				CLANG_WARN_UNREACHABLE_CODE = YES;
				CLANG_WARN__DUPLICATE_METHOD_MATCH = YES;
				"CODE_SIGN_IDENTITY[sdk=iphoneos*]" = "iPhone Developer";
				COPY_PHASE_STRIP = NO;
				DEBUG_INFORMATION_FORMAT = "dwarf-with-dsym";
				ENABLE_STRICT_OBJC_MSGSEND = YES;
				GCC_C_LANGUAGE_STANDARD = gnu99;
				GCC_DYNAMIC_NO_PIC = NO;
				GCC_NO_COMMON_BLOCKS = YES;
				GCC_OPTIMIZATION_LEVEL = 0;
				GCC_PREPROCESSOR_DEFINITIONS = (
					"DEBUG=1",
					"$(inherited)",
				);
				GCC_SYMBOLS_PRIVATE_EXTERN = NO;
				GCC_WARN_64_TO_32_BIT_CONVERSION = YES;
				GCC_WARN_ABOUT_RETURN_TYPE = YES_ERROR;
				GCC_WARN_UNDECLARED_SELECTOR = YES;
				GCC_WARN_UNINITIALIZED_AUTOS = YES_AGGRESSIVE;
				GCC_WARN_UNUSED_FUNCTION = YES;
				GCC_WARN_UNUSED_VARIABLE = YES;
				IPHONEOS_DEPLOYMENT_TARGET = 8.4;
				MTL_ENABLE_DEBUG_INFO = YES;
				ONLY_ACTIVE_ARCH = YES;
				SDKROOT = iphoneos;
				TARGETED_DEVICE_FAMILY = "1,2";
			};
			name = Debug;
		};
		637AB1C21B67864E0032F051 /* Release */ = {
			isa = XCBuildConfiguration;
			buildSettings = {
				ALWAYS_SEARCH_USER_PATHS = NO;
				CLANG_CXX_LANGUAGE_STANDARD = "gnu++0x";
				CLANG_CXX_LIBRARY = "libc++";
				CLANG_ENABLE_MODULES = YES;
				CLANG_ENABLE_OBJC_ARC = YES;
				CLANG_WARN_BOOL_CONVERSION = YES;
				CLANG_WARN_CONSTANT_CONVERSION = YES;
				CLANG_WARN_DIRECT_OBJC_ISA_USAGE = YES_ERROR;
				CLANG_WARN_EMPTY_BODY = YES;
				CLANG_WARN_ENUM_CONVERSION = YES;
				CLANG_WARN_INT_CONVERSION = YES;
				CLANG_WARN_OBJC_ROOT_CLASS = YES_ERROR;
				CLANG_WARN_UNREACHABLE_CODE = YES;
				CLANG_WARN__DUPLICATE_METHOD_MATCH = YES;
				"CODE_SIGN_IDENTITY[sdk=iphoneos*]" = "iPhone Developer";
				COPY_PHASE_STRIP = NO;
				DEBUG_INFORMATION_FORMAT = "dwarf-with-dsym";
				ENABLE_NS_ASSERTIONS = NO;
				ENABLE_STRICT_OBJC_MSGSEND = YES;
				GCC_C_LANGUAGE_STANDARD = gnu99;
				GCC_NO_COMMON_BLOCKS = YES;
				GCC_WARN_64_TO_32_BIT_CONVERSION = YES;
				GCC_WARN_ABOUT_RETURN_TYPE = YES_ERROR;
				GCC_WARN_UNDECLARED_SELECTOR = YES;
				GCC_WARN_UNINITIALIZED_AUTOS = YES_AGGRESSIVE;
				GCC_WARN_UNUSED_FUNCTION = YES;
				GCC_WARN_UNUSED_VARIABLE = YES;
				IPHONEOS_DEPLOYMENT_TARGET = 8.4;
				MTL_ENABLE_DEBUG_INFO = NO;
				SDKROOT = iphoneos;
				TARGETED_DEVICE_FAMILY = "1,2";
				VALIDATE_PRODUCT = YES;
			};
			name = Release;
		};
		637AB1C41B67864E0032F051 /* Debug */ = {
			isa = XCBuildConfiguration;
			buildSettings = {
				ASSETCATALOG_COMPILER_APPICON_NAME = AppIcon;
				INFOPLIST_FILE = SingleApp/Info.plist;
				LD_RUNPATH_SEARCH_PATHS = "$(inherited) @executable_path/Frameworks";
				PRODUCT_NAME = "$(TARGET_NAME)";
			};
			name = Debug;
		};
		637AB1C51B67864E0032F051 /* Release */ = {
			isa = XCBuildConfiguration;
			buildSettings = {
				ASSETCATALOG_COMPILER_APPICON_NAME = AppIcon;
				INFOPLIST_FILE = SingleApp/Info.plist;
				LD_RUNPATH_SEARCH_PATHS = "$(inherited) @executable_path/Frameworks";
				PRODUCT_NAME = "$(TARGET_NAME)";
			};
			name = Release;
		};
		637AB1C71B67864E0032F051 /* Debug */ = {
			isa = XCBuildConfiguration;
			buildSettings = {
				BUNDLE_LOADER = "$(TEST_HOST)";
				FRAMEWORK_SEARCH_PATHS = (
					"$(SDKROOT)/Developer/Library/Frameworks",
					"$(inherited)",
				);
				GCC_PREPROCESSOR_DEFINITIONS = (
					"DEBUG=1",
					"$(inherited)",
				);
				INFOPLIST_FILE = SingleAppTests/Info.plist;
				LD_RUNPATH_SEARCH_PATHS = "$(inherited) @executable_path/Frameworks @loader_path/Frameworks";
				PRODUCT_NAME = "$(TARGET_NAME)";
				TEST_HOST = "$(BUILT_PRODUCTS_DIR)/SingleApp.app/SingleApp";
			};
			name = Debug;
		};
		637AB1C81B67864E0032F051 /* Release */ = {
			isa = XCBuildConfiguration;
			buildSettings = {
				BUNDLE_LOADER = "$(TEST_HOST)";
				FRAMEWORK_SEARCH_PATHS = (
					"$(SDKROOT)/Developer/Library/Frameworks",
					"$(inherited)",
				);
				INFOPLIST_FILE = SingleAppTests/Info.plist;
				LD_RUNPATH_SEARCH_PATHS = "$(inherited) @executable_path/Frameworks @loader_path/Frameworks";
				PRODUCT_NAME = "$(TARGET_NAME)";
				TEST_HOST = "$(BUILT_PRODUCTS_DIR)/SingleApp.app/SingleApp";
			};
			name = Release;
		};
/* End XCBuildConfiguration section */

/* Begin XCConfigurationList section */
		637AB19B1B67864E0032F051 /* Build configuration list for PBXProject "SingleApp" */ = {
			isa = XCConfigurationList;
			buildConfigurations = (
				637AB1C11B67864E0032F051 /* Debug */,
				637AB1C21B67864E0032F051 /* Release */,
			);
			defaultConfigurationIsVisible = 0;
			defaultConfigurationName = Release;
		};
		637AB1C31B67864E0032F051 /* Build configuration list for PBXNativeTarget "SingleApp" */ = {
			isa = XCConfigurationList;
			buildConfigurations = (
				637AB1C41B67864E0032F051 /* Debug */,
				637AB1C51B67864E0032F051 /* Release */,
			);
			defaultConfigurationIsVisible = 0;
		};
		637AB1C61B67864E0032F051 /* Build configuration list for PBXNativeTarget "SingleAppTests" */ = {
			isa = XCConfigurationList;
			buildConfigurations = (
				637AB1C71B67864E0032F051 /* Debug */,
				637AB1C81B67864E0032F051 /* Release */,
			);
			defaultConfigurationIsVisible = 0;
		};
/* End XCConfigurationList section */
	};
	rootObject = 637AB1981B67864E0032F051 /* Project object */;
}
